
Microsoft Visual Studio Solution File, Format Version 12.00
# Visual Studio Version 17
VisualStudioVersion = 17.1.32228.430
MinimumVisualStudioVersion = 10.0.40219.1
Project("{FAE04EC0-301F-11D3-BF4B-00C04F79EFBC}") = "ProjAulaOO20230313", "ProjAulaOO20230313\ProjAulaOO20230313.csproj", "{0AED419A-0AFF-4459-BF42-563D51C14603}"
EndProject
Global
	GlobalSection(SolutionConfigurationPlatforms) = preSolution
		Debug|Any CPU = Debug|Any CPU
		Release|Any CPU = Release|Any CPU
	EndGlobalSection
	GlobalSection(ProjectConfigurationPlatforms) = postSolution
		{0AED419A-0AFF-4459-BF42-563D51C14603}.Debug|Any CPU.ActiveCfg = Debug|Any CPU
		{0AED419A-0AFF-4459-BF42-563D51C14603}.Debug|Any CPU.Build.0 = Debug|Any CPU
		{0AED419A-0AFF-4459-BF42-563D51C14603}.Release|Any CPU.ActiveCfg = Release|Any CPU
		{0AED419A-0AFF-4459-BF42-563D51C14603}.Release|Any CPU.Build.0 = Release|Any CPU
	EndGlobalSection
	GlobalSection(SolutionProperties) = preSolution
		HideSolutionNode = FALSE
	EndGlobalSection
	GlobalSection(ExtensibilityGlobals) = postSolution
		SolutionGuid = {A22D0244-DD42-4DFB-9D90-7D2EE22C9439}
	EndGlobalSection
EndGlobal
